
Microsoft Visual Studio Solution File, Format Version 12.00
# Visual Studio Version 16
VisualStudioVersion = 16.0.29709.97
MinimumVisualStudioVersion = 10.0.40219.1
Project("{FAE04EC0-301F-11D3-BF4B-00C04F79EFBC}") = "Modules.AhkTest8", "Modules.AhkTest8.csproj", "{E1F8955F-ADED-4592-A73D-592E56D25A62}"
EndProject
Global
	GlobalSection(SolutionConfigurationPlatforms) = preSolution
		Debug|Any CPU = Debug|Any CPU
		Release|Any CPU = Release|Any CPU
	EndGlobalSection
	GlobalSection(ProjectConfigurationPlatforms) = postSolution
		{E1F8955F-ADED-4592-A73D-592E56D25A62}.Debug|Any CPU.ActiveCfg = Debug|Any CPU
		{E1F8955F-ADED-4592-A73D-592E56D25A62}.Debug|Any CPU.Build.0 = Debug|Any CPU
		{E1F8955F-ADED-4592-A73D-592E56D25A62}.Release|Any CPU.ActiveCfg = Release|Any CPU
		{E1F8955F-ADED-4592-A73D-592E56D25A62}.Release|Any CPU.Build.0 = Release|Any CPU
	EndGlobalSection
	GlobalSection(SolutionProperties) = preSolution
		HideSolutionNode = FALSE
	EndGlobalSection
	GlobalSection(ExtensibilityGlobals) = postSolution
		SolutionGuid = {2CC429C5-31C5-4C84-A334-370F658E5682}
	EndGlobalSection
EndGlobal
